// !$*UTF8*$!
{
	archiveVersion = 1;
	classes = {
	};
	objectVersion = 50;
	objects = {

/* Begin PBXBuildFile section */
		B1DC60BD192890116E96AA14 /* Pods_getToDo.framework in Frameworks */ = {isa = PBXBuildFile; fileRef = 3F3F35B6BB9023557ABEDE5C /* Pods_getToDo.framework */; };
		DB966ABA2225983600E384EA /* AppDelegate.swift in Sources */ = {isa = PBXBuildFile; fileRef = DB966AB92225983600E384EA /* AppDelegate.swift */; };
		DB966ABC2225983600E384EA /* getToDoViewController.swift in Sources */ = {isa = PBXBuildFile; fileRef = DB966ABB2225983600E384EA /* getToDoViewController.swift */; };
		DB966ABF2225983600E384EA /* Main.storyboard in Resources */ = {isa = PBXBuildFile; fileRef = DB966ABD2225983600E384EA /* Main.storyboard */; };
		DB966AC12225983800E384EA /* Assets.xcassets in Resources */ = {isa = PBXBuildFile; fileRef = DB966AC02225983800E384EA /* Assets.xcassets */; };
		DB966AC42225983800E384EA /* LaunchScreen.storyboard in Resources */ = {isa = PBXBuildFile; fileRef = DB966AC22225983800E384EA /* LaunchScreen.storyboard */; };
		DB966AF7222B7E3800E384EA /* CategoryViewController.swift in Sources */ = {isa = PBXBuildFile; fileRef = DB966AF6222B7E3800E384EA /* CategoryViewController.swift */; };
		DB966AFE222D82F900E384EA /* DataModel.xcdatamodeld in Sources */ = {isa = PBXBuildFile; fileRef = DB966AFC222D82F900E384EA /* DataModel.xcdatamodeld */; };
/* End PBXBuildFile section */

/* Begin PBXFileReference section */
		09DEFE7A0980C2C3D29F6F0B /* Pods-getToDo.release.xcconfig */ = {isa = PBXFileReference; includeInIndex = 1; lastKnownFileType = text.xcconfig; name = "Pods-getToDo.release.xcconfig"; path = "Pods/Target Support Files/Pods-getToDo/Pods-getToDo.release.xcconfig"; sourceTree = "<group>"; };
		3F3F35B6BB9023557ABEDE5C /* Pods_getToDo.framework */ = {isa = PBXFileReference; explicitFileType = wrapper.framework; includeInIndex = 0; path = Pods_getToDo.framework; sourceTree = BUILT_PRODUCTS_DIR; };
		DB966AB62225983600E384EA /* getToDo.app */ = {isa = PBXFileReference; explicitFileType = wrapper.application; includeInIndex = 0; path = getToDo.app; sourceTree = BUILT_PRODUCTS_DIR; };
		DB966AB92225983600E384EA /* AppDelegate.swift */ = {isa = PBXFileReference; lastKnownFileType = sourcecode.swift; path = AppDelegate.swift; sourceTree = "<group>"; };
		DB966ABB2225983600E384EA /* getToDoViewController.swift */ = {isa = PBXFileReference; lastKnownFileType = sourcecode.swift; path = getToDoViewController.swift; sourceTree = "<group>"; };
		DB966ABE2225983600E384EA /* Base */ = {isa = PBXFileReference; lastKnownFileType = file.storyboard; name = Base; path = Base.lproj/Main.storyboard; sourceTree = "<group>"; };
		DB966AC02225983800E384EA /* Assets.xcassets */ = {isa = PBXFileReference; lastKnownFileType = folder.assetcatalog; path = Assets.xcassets; sourceTree = "<group>"; };
		DB966AC32225983800E384EA /* Base */ = {isa = PBXFileReference; lastKnownFileType = file.storyboard; name = Base; path = Base.lproj/LaunchScreen.storyboard; sourceTree = "<group>"; };
		DB966AC52225983800E384EA /* Info.plist */ = {isa = PBXFileReference; lastKnownFileType = text.plist.xml; path = Info.plist; sourceTree = "<group>"; };
		DB966AF6222B7E3800E384EA /* CategoryViewController.swift */ = {isa = PBXFileReference; lastKnownFileType = sourcecode.swift; path = CategoryViewController.swift; sourceTree = "<group>"; };
		DB966AFD222D82F900E384EA /* DataModel.xcdatamodel */ = {isa = PBXFileReference; lastKnownFileType = wrapper.xcdatamodel; path = DataModel.xcdatamodel; sourceTree = "<group>"; };
		DBC8DCA70262FB9F81A2F28F /* Pods-getToDo.debug.xcconfig */ = {isa = PBXFileReference; includeInIndex = 1; lastKnownFileType = text.xcconfig; name = "Pods-getToDo.debug.xcconfig"; path = "Pods/Target Support Files/Pods-getToDo/Pods-getToDo.debug.xcconfig"; sourceTree = "<group>"; };
/* End PBXFileReference section */

/* Begin PBXFrameworksBuildPhase section */
		DB966AB32225983600E384EA /* Frameworks */ = {
			isa = PBXFrameworksBuildPhase;
			buildActionMask = 2147483647;
			files = (
				B1DC60BD192890116E96AA14 /* Pods_getToDo.framework in Frameworks */,
			);
			runOnlyForDeploymentPostprocessing = 0;
		};
/* End PBXFrameworksBuildPhase section */

/* Begin PBXGroup section */
		24E0E01D1E9A80E473B54A7A /* Pods */ = {
			isa = PBXGroup;
			children = (
				DBC8DCA70262FB9F81A2F28F /* Pods-getToDo.debug.xcconfig */,
				09DEFE7A0980C2C3D29F6F0B /* Pods-getToDo.release.xcconfig */,
			);
			name = Pods;
			sourceTree = "<group>";
		};
		DB966AAD2225983600E384EA = {
			isa = PBXGroup;
			children = (
				DB966AB82225983600E384EA /* getToDo */,
				DB966AB72225983600E384EA /* Products */,
				24E0E01D1E9A80E473B54A7A /* Pods */,
				F2007F5296607152973F48AA /* Frameworks */,
			);
			sourceTree = "<group>";
		};
		DB966AB72225983600E384EA /* Products */ = {
			isa = PBXGroup;
			children = (
				DB966AB62225983600E384EA /* getToDo.app */,
			);
			name = Products;
			sourceTree = "<group>";
		};
		DB966AB82225983600E384EA /* getToDo */ = {
			isa = PBXGroup;
			children = (
				DB966AB92225983600E384EA /* AppDelegate.swift */,
				DB966AFF222D832B00E384EA /* Data Model */,
				DB966ACF2227116100E384EA /* Views */,
				DB966ACE2227114100E384EA /* Controllers */,
				DB966AD0222711B700E384EA /* Supporting Files */,
				DB966AC52225983800E384EA /* Info.plist */,
			);
			path = getToDo;
			sourceTree = "<group>";
		};
		DB966ACE2227114100E384EA /* Controllers */ = {
			isa = PBXGroup;
			children = (
				DB966AF6222B7E3800E384EA /* CategoryViewController.swift */,
				DB966ABB2225983600E384EA /* getToDoViewController.swift */,
			);
			path = Controllers;
			sourceTree = "<group>";
		};
		DB966ACF2227116100E384EA /* Views */ = {
			isa = PBXGroup;
			children = (
				DB966ABD2225983600E384EA /* Main.storyboard */,
			);
			path = Views;
			sourceTree = "<group>";
		};
		DB966AD0222711B700E384EA /* Supporting Files */ = {
			isa = PBXGroup;
			children = (
				DB966AC22225983800E384EA /* LaunchScreen.storyboard */,
				DB966AC02225983800E384EA /* Assets.xcassets */,
			);
			path = "Supporting Files";
			sourceTree = "<group>";
		};
		DB966AFF222D832B00E384EA /* Data Model */ = {
			isa = PBXGroup;
			children = (
				DB966AFC222D82F900E384EA /* DataModel.xcdatamodeld */,
			);
			name = "Data Model";
			path = "../Data Model";
			sourceTree = "<group>";
		};
		F2007F5296607152973F48AA /* Frameworks */ = {
			isa = PBXGroup;
			children = (
				3F3F35B6BB9023557ABEDE5C /* Pods_getToDo.framework */,
			);
			name = Frameworks;
			sourceTree = "<group>";
		};
/* End PBXGroup section */

/* Begin PBXNativeTarget section */
		DB966AB52225983600E384EA /* getToDo */ = {
			isa = PBXNativeTarget;
			buildConfigurationList = DB966AC82225983800E384EA /* Build configuration list for PBXNativeTarget "getToDo" */;
			buildPhases = (
				C449F6BCF79749EFBA776009 /* [CP] Check Pods Manifest.lock */,
				DB966AB22225983600E384EA /* Sources */,
				DB966AB32225983600E384EA /* Frameworks */,
				DB966AB42225983600E384EA /* Resources */,
				B0B269EF0712E3F6AC9B1AD8 /* [CP] Embed Pods Frameworks */,
			);
			buildRules = (
			);
			dependencies = (
			);
			name = getToDo;
			productName = getToDo;
			productReference = DB966AB62225983600E384EA /* getToDo.app */;
			productType = "com.apple.product-type.application";
		};
/* End PBXNativeTarget section */

/* Begin PBXProject section */
		DB966AAE2225983600E384EA /* Project object */ = {
			isa = PBXProject;
			attributes = {
				LastSwiftUpdateCheck = 1010;
				LastUpgradeCheck = 1010;
				ORGANIZATIONNAME = Upstate.Media;
				TargetAttributes = {
					DB966AB52225983600E384EA = {
						CreatedOnToolsVersion = 10.1;
					};
				};
			};
			buildConfigurationList = DB966AB12225983600E384EA /* Build configuration list for PBXProject "getToDo" */;
			compatibilityVersion = "Xcode 9.3";
			developmentRegion = en;
			hasScannedForEncodings = 0;
			knownRegions = (
				en,
				Base,
			);
			mainGroup = DB966AAD2225983600E384EA;
			productRefGroup = DB966AB72225983600E384EA /* Products */;
			projectDirPath = "";
			projectRoot = "";
			targets = (
				DB966AB52225983600E384EA /* getToDo */,
			);
		};
/* End PBXProject section */

/* Begin PBXResourcesBuildPhase section */
		DB966AB42225983600E384EA /* Resources */ = {
			isa = PBXResourcesBuildPhase;
			buildActionMask = 2147483647;
			files = (
				DB966AC42225983800E384EA /* LaunchScreen.storyboard in Resources */,
				DB966AC12225983800E384EA /* Assets.xcassets in Resources */,
				DB966ABF2225983600E384EA /* Main.storyboard in Resources */,
			);
			runOnlyForDeploymentPostprocessing = 0;
		};
/* End PBXResourcesBuildPhase section */

/* Begin PBXShellScriptBuildPhase section */
		B0B269EF0712E3F6AC9B1AD8 /* [CP] Embed Pods Frameworks */ = {
			isa = PBXShellScriptBuildPhase;
			buildActionMask = 2147483647;
			files = (
			);
			inputPaths = (
				"${SRCROOT}/Pods/Target Support Files/Pods-getToDo/Pods-getToDo-frameworks.sh",
				"${BUILT_PRODUCTS_DIR}/Realm/Realm.framework",
				"${BUILT_PRODUCTS_DIR}/RealmSwift/RealmSwift.framework",
			);
			name = "[CP] Embed Pods Frameworks";
			outputPaths = (
				"${TARGET_BUILD_DIR}/${FRAMEWORKS_FOLDER_PATH}/Realm.framework",
				"${TARGET_BUILD_DIR}/${FRAMEWORKS_FOLDER_PATH}/RealmSwift.framework",
			);
			runOnlyForDeploymentPostprocessing = 0;
			shellPath = /bin/sh;
			shellScript = "\"${SRCROOT}/Pods/Target Support Files/Pods-getToDo/Pods-getToDo-frameworks.sh\"\n";
			showEnvVarsInLog = 0;
		};
		C449F6BCF79749EFBA776009 /* [CP] Check Pods Manifest.lock */ = {
			isa = PBXShellScriptBuildPhase;
			buildActionMask = 2147483647;
			files = (
			);
			inputPaths = (
				"${PODS_PODFILE_DIR_PATH}/Podfile.lock",
				"${PODS_ROOT}/Manifest.lock",
			);
			name = "[CP] Check Pods Manifest.lock";
			outputPaths = (
				"$(DERIVED_FILE_DIR)/Pods-getToDo-checkManifestLockResult.txt",
			);
			runOnlyForDeploymentPostprocessing = 0;
			shellPath = /bin/sh;
			shellScript = "diff \"${PODS_PODFILE_DIR_PATH}/Podfile.lock\" \"${PODS_ROOT}/Manifest.lock\" > /dev/null\nif [ $? != 0 ] ; then\n    # print error to STDERR\n    echo \"error: The sandbox is not in sync with the Podfile.lock. Run 'pod install' or update your CocoaPods installation.\" >&2\n    exit 1\nfi\n# This output is used by Xcode 'outputs' to avoid re-running this script phase.\necho \"SUCCESS\" > \"${SCRIPT_OUTPUT_FILE_0}\"\n";
			showEnvVarsInLog = 0;
		};
/* End PBXShellScriptBuildPhase section */

/* Begin PBXSourcesBuildPhase section */
		DB966AB22225983600E384EA /* Sources */ = {
			isa = PBXSourcesBuildPhase;
			buildActionMask = 2147483647;
			files = (
				DB966AF7222B7E3800E384EA /* CategoryViewController.swift in Sources */,
				DB966AFE222D82F900E384EA /* DataModel.xcdatamodeld in Sources */,
				DB966ABC2225983600E384EA /* getToDoViewController.swift in Sources */,
				DB966ABA2225983600E384EA /* AppDelegate.swift in Sources */,
			);
			runOnlyForDeploymentPostprocessing = 0;
		};
/* End PBXSourcesBuildPhase section */

/* Begin PBXVariantGroup section */
		DB966ABD2225983600E384EA /* Main.storyboard */ = {
			isa = PBXVariantGroup;
			children = (
				DB966ABE2225983600E384EA /* Base */,
			);
			name = Main.storyboard;
			sourceTree = "<group>";
		};
		DB966AC22225983800E384EA /* LaunchScreen.storyboard */ = {
			isa = PBXVariantGroup;
			children = (
				DB966AC32225983800E384EA /* Base */,
			);
			name = LaunchScreen.storyboard;
			sourceTree = "<group>";
		};
/* End PBXVariantGroup section */

/* Begin XCBuildConfiguration section */
		DB966AC62225983800E384EA /* Debug */ = {
			isa = XCBuildConfiguration;
			buildSettings = {
				ALWAYS_SEARCH_USER_PATHS = NO;
				CLANG_ANALYZER_NONNULL = YES;
				CLANG_ANALYZER_NUMBER_OBJECT_CONVERSION = YES_AGGRESSIVE;
				CLANG_CXX_LANGUAGE_STANDARD = "gnu++14";
				CLANG_CXX_LIBRARY = "libc++";
				CLANG_ENABLE_MODULES = YES;
				CLANG_ENABLE_OBJC_ARC = YES;
				CLANG_ENABLE_OBJC_WEAK = YES;
				CLANG_WARN_BLOCK_CAPTURE_AUTORELEASING = YES;
				CLANG_WARN_BOOL_CONVERSION = YES;
				CLANG_WARN_COMMA = YES;
				CLANG_WARN_CONSTANT_CONVERSION = YES;
				CLANG_WARN_DEPRECATED_OBJC_IMPLEMENTATIONS = YES;
				CLANG_WARN_DIRECT_OBJC_ISA_USAGE = YES_ERROR;
				CLANG_WARN_DOCUMENTATION_COMMENTS = YES;
				CLANG_WARN_EMPTY_BODY = YES;
				CLANG_WARN_ENUM_CONVERSION = YES;
				CLANG_WARN_INFINITE_RECURSION = YES;
				CLANG_WARN_INT_CONVERSION = YES;
				CLANG_WARN_NON_LITERAL_NULL_CONVERSION = YES;
				CLANG_WARN_OBJC_IMPLICIT_RETAIN_SELF = YES;
				CLANG_WARN_OBJC_LITERAL_CONVERSION = YES;
				CLANG_WARN_OBJC_ROOT_CLASS = YES_ERROR;
				CLANG_WARN_RANGE_LOOP_ANALYSIS = YES;
				CLANG_WARN_STRICT_PROTOTYPES = YES;
				CLANG_WARN_SUSPICIOUS_MOVE = YES;
				CLANG_WARN_UNGUARDED_AVAILABILITY = YES_AGGRESSIVE;
				CLANG_WARN_UNREACHABLE_CODE = YES;
				CLANG_WARN__DUPLICATE_METHOD_MATCH = YES;
				CODE_SIGN_IDENTITY = "iPhone Developer";
				COPY_PHASE_STRIP = NO;
				DEBUG_INFORMATION_FORMAT = dwarf;
				ENABLE_STRICT_OBJC_MSGSEND = YES;
				ENABLE_TESTABILITY = YES;
				GCC_C_LANGUAGE_STANDARD = gnu11;
				GCC_DYNAMIC_NO_PIC = NO;
				GCC_NO_COMMON_BLOCKS = YES;
				GCC_OPTIMIZATION_LEVEL = 0;
				GCC_PREPROCESSOR_DEFINITIONS = (
					"DEBUG=1",
					"$(inherited)",
				);
				GCC_WARN_64_TO_32_BIT_CONVERSION = YES;
				GCC_WARN_ABOUT_RETURN_TYPE = YES_ERROR;
				GCC_WARN_UNDECLARED_SELECTOR = YES;
				GCC_WARN_UNINITIALIZED_AUTOS = YES_AGGRESSIVE;
				GCC_WARN_UNUSED_FUNCTION = YES;
				GCC_WARN_UNUSED_VARIABLE = YES;
				IPHONEOS_DEPLOYMENT_TARGET = 12.1;
				MTL_ENABLE_DEBUG_INFO = INCLUDE_SOURCE;
				MTL_FAST_MATH = YES;
				ONLY_ACTIVE_ARCH = YES;
				SDKROOT = iphoneos;
				SWIFT_ACTIVE_COMPILATION_CONDITIONS = DEBUG;
				SWIFT_OPTIMIZATION_LEVEL = "-Onone";
			};
			name = Debug;
		};
		DB966AC72225983800E384EA /* Release */ = {
			isa = XCBuildConfiguration;
			buildSettings = {
				ALWAYS_SEARCH_USER_PATHS = NO;
				CLANG_ANALYZER_NONNULL = YES;
				CLANG_ANALYZER_NUMBER_OBJECT_CONVERSION = YES_AGGRESSIVE;
				CLANG_CXX_LANGUAGE_STANDARD = "gnu++14";
				CLANG_CXX_LIBRARY = "libc++";
				CLANG_ENABLE_MODULES = YES;
				CLANG_ENABLE_OBJC_ARC = YES;
				CLANG_ENABLE_OBJC_WEAK = YES;
				CLANG_WARN_BLOCK_CAPTURE_AUTORELEASING = YES;
				CLANG_WARN_BOOL_CONVERSION = YES;
				CLANG_WARN_COMMA = YES;
				CLANG_WARN_CONSTANT_CONVERSION = YES;
				CLANG_WARN_DEPRECATED_OBJC_IMPLEMENTATIONS = YES;
				CLANG_WARN_DIRECT_OBJC_ISA_USAGE = YES_ERROR;
				CLANG_WARN_DOCUMENTATION_COMMENTS = YES;
				CLANG_WARN_EMPTY_BODY = YES;
				CLANG_WARN_ENUM_CONVERSION = YES;
				CLANG_WARN_INFINITE_RECURSION = YES;
				CLANG_WARN_INT_CONVERSION = YES;
				CLANG_WARN_NON_LITERAL_NULL_CONVERSION = YES;
				CLANG_WARN_OBJC_IMPLICIT_RETAIN_SELF = YES;
				CLANG_WARN_OBJC_LITERAL_CONVERSION = YES;
				CLANG_WARN_OBJC_ROOT_CLASS = YES_ERROR;
				CLANG_WARN_RANGE_LOOP_ANALYSIS = YES;
				CLANG_WARN_STRICT_PROTOTYPES = YES;
				CLANG_WARN_SUSPICIOUS_MOVE = YES;
				CLANG_WARN_UNGUARDED_AVAILABILITY = YES_AGGRESSIVE;
				CLANG_WARN_UNREACHABLE_CODE = YES;
				CLANG_WARN__DUPLICATE_METHOD_MATCH = YES;
				CODE_SIGN_IDENTITY = "iPhone Developer";
				COPY_PHASE_STRIP = NO;
				DEBUG_INFORMATION_FORMAT = "dwarf-with-dsym";
				ENABLE_NS_ASSERTIONS = NO;
				ENABLE_STRICT_OBJC_MSGSEND = YES;
				GCC_C_LANGUAGE_STANDARD = gnu11;
				GCC_NO_COMMON_BLOCKS = YES;
				GCC_WARN_64_TO_32_BIT_CONVERSION = YES;
				GCC_WARN_ABOUT_RETURN_TYPE = YES_ERROR;
				GCC_WARN_UNDECLARED_SELECTOR = YES;
				GCC_WARN_UNINITIALIZED_AUTOS = YES_AGGRESSIVE;
				GCC_WARN_UNUSED_FUNCTION = YES;
				GCC_WARN_UNUSED_VARIABLE = YES;
				IPHONEOS_DEPLOYMENT_TARGET = 12.1;
				MTL_ENABLE_DEBUG_INFO = NO;
				MTL_FAST_MATH = YES;
				SDKROOT = iphoneos;
				SWIFT_COMPILATION_MODE = wholemodule;
				SWIFT_OPTIMIZATION_LEVEL = "-O";
				VALIDATE_PRODUCT = YES;
			};
			name = Release;
		};
		DB966AC92225983800E384EA /* Debug */ = {
			isa = XCBuildConfiguration;
			baseConfigurationReference = DBC8DCA70262FB9F81A2F28F /* Pods-getToDo.debug.xcconfig */;
			buildSettings = {
				ASSETCATALOG_COMPILER_APPICON_NAME = AppIcon;
				CODE_SIGN_STYLE = Automatic;
				DEVELOPMENT_TEAM = Y6477XDSCM;
				INFOPLIST_FILE = getToDo/Info.plist;
				LD_RUNPATH_SEARCH_PATHS = (
					"$(inherited)",
					"@executable_path/Frameworks",
				);
				PRODUCT_BUNDLE_IDENTIFIER = media.upstate.getToDo;
				PRODUCT_NAME = "$(TARGET_NAME)";
				SWIFT_VERSION = 4.2;
				TARGETED_DEVICE_FAMILY = "1,2";
			};
			name = Debug;
		};
		DB966ACA2225983800E384EA /* Release */ = {
			isa = XCBuildConfiguration;
			baseConfigurationReference = 09DEFE7A0980C2C3D29F6F0B /* Pods-getToDo.release.xcconfig */;
			buildSettings = {
				ASSETCATALOG_COMPILER_APPICON_NAME = AppIcon;
				CODE_SIGN_STYLE = Automatic;
				DEVELOPMENT_TEAM = Y6477XDSCM;
				INFOPLIST_FILE = getToDo/Info.plist;
				LD_RUNPATH_SEARCH_PATHS = (
					"$(inherited)",
					"@executable_path/Frameworks",
				);
				PRODUCT_BUNDLE_IDENTIFIER = media.upstate.getToDo;
				PRODUCT_NAME = "$(TARGET_NAME)";
				SWIFT_VERSION = 4.2;
				TARGETED_DEVICE_FAMILY = "1,2";
			};
			name = Release;
		};
/* End XCBuildConfiguration section */

/* Begin XCConfigurationList section */
		DB966AB12225983600E384EA /* Build configuration list for PBXProject "getToDo" */ = {
			isa = XCConfigurationList;
			buildConfigurations = (
				DB966AC62225983800E384EA /* Debug */,
				DB966AC72225983800E384EA /* Release */,
			);
			defaultConfigurationIsVisible = 0;
			defaultConfigurationName = Release;
		};
		DB966AC82225983800E384EA /* Build configuration list for PBXNativeTarget "getToDo" */ = {
			isa = XCConfigurationList;
			buildConfigurations = (
				DB966AC92225983800E384EA /* Debug */,
				DB966ACA2225983800E384EA /* Release */,
			);
			defaultConfigurationIsVisible = 0;
			defaultConfigurationName = Release;
		};
/* End XCConfigurationList section */

/* Begin XCVersionGroup section */
		DB966AFC222D82F900E384EA /* DataModel.xcdatamodeld */ = {
			isa = XCVersionGroup;
			children = (
				DB966AFD222D82F900E384EA /* DataModel.xcdatamodel */,
			);
			currentVersion = DB966AFD222D82F900E384EA /* DataModel.xcdatamodel */;
			path = DataModel.xcdatamodeld;
			sourceTree = "<group>";
			versionGroupType = wrapper.xcdatamodel;
		};
/* End XCVersionGroup section */
	};
	rootObject = DB966AAE2225983600E384EA /* Project object */;
}
